// !$*UTF8*$!
{
	archiveVersion = 1;
	classes = {
	};
	objectVersion = 46;
	objects = {

/* Begin PBXBuildFile section */
		200C76C816D03ECC004693F1 /* flower.png in Resources */ = {isa = PBXBuildFile; fileRef = 200C76C616D03ECC004693F1 /* flower.png */; };
		200C76C916D03ECC004693F1 /* flower@2x.png in Resources */ = {isa = PBXBuildFile; fileRef = 200C76C716D03ECC004693F1 /* flower@2x.png */; };
		200C76CD16D03F1D004693F1 /* LTHomeViewController.m in Sources */ = {isa = PBXBuildFile; fileRef = 200C76CB16D03F1D004693F1 /* LTHomeViewController.m */; };
		200C76CE16D03F1D004693F1 /* LTHomeViewController.xib in Resources */ = {isa = PBXBuildFile; fileRef = 200C76CC16D03F1D004693F1 /* LTHomeViewController.xib */; };
		200C76D116D03F85004693F1 /* house.png in Resources */ = {isa = PBXBuildFile; fileRef = 200C76CF16D03F85004693F1 /* house.png */; };
		200C76D216D03F85004693F1 /* house@2x.png in Resources */ = {isa = PBXBuildFile; fileRef = 200C76D016D03F85004693F1 /* house@2x.png */; };
		200C76D516D08C3C004693F1 /* RNBlurModalView.m in Sources */ = {isa = PBXBuildFile; fileRef = 200C76D416D08C3C004693F1 /* RNBlurModalView.m */; };
		200C76D816D08E58004693F1 /* LTX10LampView.m in Sources */ = {isa = PBXBuildFile; fileRef = 200C76D716D08E58004693F1 /* LTX10LampView.m */; };
		200C76DA16D08E6E004693F1 /* LTX10LampView.xib in Resources */ = {isa = PBXBuildFile; fileRef = 200C76D916D08E6E004693F1 /* LTX10LampView.xib */; };
		200C76DC16D09062004693F1 /* Accelerate.framework in Frameworks */ = {isa = PBXBuildFile; fileRef = 200C76DB16D09062004693F1 /* Accelerate.framework */; };
		2017766F16DB03E800AE795E /* LTPresetAddViewController.m in Sources */ = {isa = PBXBuildFile; fileRef = 2017766D16DB03E800AE795E /* LTPresetAddViewController.m */; };
		2017767016DB03E800AE795E /* LTPresetAddViewController.xib in Resources */ = {isa = PBXBuildFile; fileRef = 2017766E16DB03E800AE795E /* LTPresetAddViewController.xib */; };
		2017767416DB0B0000AE795E /* LTPresetDetailViewController.m in Sources */ = {isa = PBXBuildFile; fileRef = 2017767216DB0B0000AE795E /* LTPresetDetailViewController.m */; };
		2017767516DB0B0000AE795E /* LTPresetDetailViewController.xib in Resources */ = {isa = PBXBuildFile; fileRef = 2017767316DB0B0000AE795E /* LTPresetDetailViewController.xib */; };
		203E847016C5CE0C0086C015 /* dark.png in Resources */ = {isa = PBXBuildFile; fileRef = 203E846E16C5CE0C0086C015 /* dark.png */; };
		203E847116C5CE0C0086C015 /* dark@2x.png in Resources */ = {isa = PBXBuildFile; fileRef = 203E846F16C5CE0C0086C015 /* dark@2x.png */; };
		203E847616C5D3870086C015 /* turtle.png in Resources */ = {isa = PBXBuildFile; fileRef = 203E847216C5D3870086C015 /* turtle.png */; };
		203E847716C5D3870086C015 /* turtle@2x.png in Resources */ = {isa = PBXBuildFile; fileRef = 203E847316C5D3870086C015 /* turtle@2x.png */; };
		203E847816C5D3870086C015 /* rabbit.png in Resources */ = {isa = PBXBuildFile; fileRef = 203E847416C5D3870086C015 /* rabbit.png */; };
		203E847916C5D3870086C015 /* rabbit@2x.png in Resources */ = {isa = PBXBuildFile; fileRef = 203E847516C5D3870086C015 /* rabbit@2x.png */; };
		203E847F16C5DF120086C015 /* LTScrollView.m in Sources */ = {isa = PBXBuildFile; fileRef = 203E847E16C5DF120086C015 /* LTScrollView.m */; };
		2044E78B16B39D4D001C92F7 /* LTNetworkController.m in Sources */ = {isa = PBXBuildFile; fileRef = 2044E78A16B39D4D001C92F7 /* LTNetworkController.m */; };
		2044E79016B3A614001C92F7 /* LTAddViewController.m in Sources */ = {isa = PBXBuildFile; fileRef = 2044E78E16B3A614001C92F7 /* LTAddViewController.m */; };
		2044E79116B3A614001C92F7 /* LTAddViewController.xib in Resources */ = {isa = PBXBuildFile; fileRef = 2044E78F16B3A614001C92F7 /* LTAddViewController.xib */; };
		207ABCD416BB637E003F9602 /* LTSettingsViewController.m in Sources */ = {isa = PBXBuildFile; fileRef = 207ABCD216BB637E003F9602 /* LTSettingsViewController.m */; };
		207ABCD516BB637E003F9602 /* LTSettingsViewController.xib in Resources */ = {isa = PBXBuildFile; fileRef = 207ABCD316BB637E003F9602 /* LTSettingsViewController.xib */; };
		207ABCD816BB63B6003F9602 /* gear.png in Resources */ = {isa = PBXBuildFile; fileRef = 207ABCD616BB63B6003F9602 /* gear.png */; };
		207ABCD916BB63B6003F9602 /* gear@2x.png in Resources */ = {isa = PBXBuildFile; fileRef = 207ABCD716BB63B6003F9602 /* gear@2x.png */; };
		208CE26516F121CB00F32706 /* UIKit.framework in Frameworks */ = {isa = PBXBuildFile; fileRef = 20D9DFEE16A8974200393078 /* UIKit.framework */; };
		208CE26616F121CB00F32706 /* Foundation.framework in Frameworks */ = {isa = PBXBuildFile; fileRef = 20D9DFF016A8974200393078 /* Foundation.framework */; };
		208CE26716F121CB00F32706 /* CoreGraphics.framework in Frameworks */ = {isa = PBXBuildFile; fileRef = 20D9DFF216A8974200393078 /* CoreGraphics.framework */; };
		208CE26D16F121CB00F32706 /* InfoPlist.strings in Resources */ = {isa = PBXBuildFile; fileRef = 208CE26B16F121CB00F32706 /* InfoPlist.strings */; };
		208CE26F16F121CB00F32706 /* main.m in Sources */ = {isa = PBXBuildFile; fileRef = 208CE26E16F121CB00F32706 /* main.m */; };
		208CE27316F121CB00F32706 /* SLAppDelegate.m in Sources */ = {isa = PBXBuildFile; fileRef = 208CE27216F121CB00F32706 /* SLAppDelegate.m */; };
		208CE27516F121CB00F32706 /* Default.png in Resources */ = {isa = PBXBuildFile; fileRef = 208CE27416F121CB00F32706 /* Default.png */; };
		208CE27716F121CB00F32706 /* Default@2x.png in Resources */ = {isa = PBXBuildFile; fileRef = 208CE27616F121CB00F32706 /* Default@2x.png */; };
		208CE27916F121CB00F32706 /* Default-568h@2x.png in Resources */ = {isa = PBXBuildFile; fileRef = 208CE27816F121CB00F32706 /* Default-568h@2x.png */; };
		208CE27D16F121F400F32706 /* libicucore.dylib in Frameworks */ = {isa = PBXBuildFile; fileRef = 20CA978516AF8EEF0099F6F5 /* libicucore.dylib */; };
		208CE27E16F121F600F32706 /* CFNetwork.framework in Frameworks */ = {isa = PBXBuildFile; fileRef = 20CA978716AF8EF80099F6F5 /* CFNetwork.framework */; };
		208CE27F16F121F800F32706 /* Security.framework in Frameworks */ = {isa = PBXBuildFile; fileRef = 20CA978916AF8F010099F6F5 /* Security.framework */; };
		208CE28016F121FC00F32706 /* QuartzCore.framework in Frameworks */ = {isa = PBXBuildFile; fileRef = 20D9E03116A89DC900393078 /* QuartzCore.framework */; };
		208CE28216F1226D00F32706 /* HashValue.m in Sources */ = {isa = PBXBuildFile; fileRef = 20CA979016AF9A3E0099F6F5 /* HashValue.m */; settings = {COMPILER_FLAGS = "-fno-objc-arc"; }; };
		208CE28316F1226D00F32706 /* base64.c in Sources */ = {isa = PBXBuildFile; fileRef = 20CA977A16AF8EC20099F6F5 /* base64.c */; };
		208CE28616F1226D00F32706 /* NSData+SRB64Additions.m in Sources */ = {isa = PBXBuildFile; fileRef = 20CA977D16AF8EC20099F6F5 /* NSData+SRB64Additions.m */; };
		208CE28916F1226D00F32706 /* SRWebSocket.m in Sources */ = {isa = PBXBuildFile; fileRef = 20CA978016AF8EC20099F6F5 /* SRWebSocket.m */; };
		208CE28A16F122AC00F32706 /* LTNetworkController.m in Sources */ = {isa = PBXBuildFile; fileRef = 2044E78A16B39D4D001C92F7 /* LTNetworkController.m */; };
		208CE28B16F122AC00F32706 /* LTHomeViewController.m in Sources */ = {isa = PBXBuildFile; fileRef = 200C76CB16D03F1D004693F1 /* LTHomeViewController.m */; };
		208CE28C16F122AC00F32706 /* LTSettingsViewController.m in Sources */ = {isa = PBXBuildFile; fileRef = 207ABCD216BB637E003F9602 /* LTSettingsViewController.m */; };
		208CE28F16F122AC00F32706 /* LTX10ApplianceView.m in Sources */ = {isa = PBXBuildFile; fileRef = 20BB87C616D1DA5B00BF869C /* LTX10ApplianceView.m */; };
		208CE29016F122AC00F32706 /* LTX10LampView.m in Sources */ = {isa = PBXBuildFile; fileRef = 200C76D716D08E58004693F1 /* LTX10LampView.m */; };
		208CE29116F122C200F32706 /* house.png in Resources */ = {isa = PBXBuildFile; fileRef = 200C76CF16D03F85004693F1 /* house.png */; };
		208CE29216F122C200F32706 /* house@2x.png in Resources */ = {isa = PBXBuildFile; fileRef = 200C76D016D03F85004693F1 /* house@2x.png */; };
		208CE29316F122C200F32706 /* gear.png in Resources */ = {isa = PBXBuildFile; fileRef = 207ABCD616BB63B6003F9602 /* gear.png */; };
		208CE29416F122C200F32706 /* gear@2x.png in Resources */ = {isa = PBXBuildFile; fileRef = 207ABCD716BB63B6003F9602 /* gear@2x.png */; };
		208CE29516F122C800F32706 /* RNBlurModalView.m in Sources */ = {isa = PBXBuildFile; fileRef = 200C76D416D08C3C004693F1 /* RNBlurModalView.m */; };
		208CE29616F1231D00F32706 /* LTPresetDetailViewController.m in Sources */ = {isa = PBXBuildFile; fileRef = 2017767216DB0B0000AE795E /* LTPresetDetailViewController.m */; };
		208CE29716F1231D00F32706 /* LTPresetAddViewController.m in Sources */ = {isa = PBXBuildFile; fileRef = 2017766D16DB03E800AE795E /* LTPresetAddViewController.m */; };
		208CE29816F1237D00F32706 /* Accelerate.framework in Frameworks */ = {isa = PBXBuildFile; fileRef = 200C76DB16D09062004693F1 /* Accelerate.framework */; };
		208CE29916F123AE00F32706 /* LTHomeViewController.xib in Resources */ = {isa = PBXBuildFile; fileRef = 200C76CC16D03F1D004693F1 /* LTHomeViewController.xib */; };
		208CE29A16F123AE00F32706 /* LTSettingsViewController.xib in Resources */ = {isa = PBXBuildFile; fileRef = 207ABCD316BB637E003F9602 /* LTSettingsViewController.xib */; };
		208CE29B16F123AE00F32706 /* LTPresetDetailViewController.xib in Resources */ = {isa = PBXBuildFile; fileRef = 2017767316DB0B0000AE795E /* LTPresetDetailViewController.xib */; };
		208CE29C16F123AE00F32706 /* LTPresetAddViewController.xib in Resources */ = {isa = PBXBuildFile; fileRef = 2017766E16DB03E800AE795E /* LTPresetAddViewController.xib */; };
		208CE29D16F123AE00F32706 /* LTX10LampView.xib in Resources */ = {isa = PBXBuildFile; fileRef = 200C76D916D08E6E004693F1 /* LTX10LampView.xib */; };
		208CE29E16F123AE00F32706 /* LTX10ApplianceView.xib in Resources */ = {isa = PBXBuildFile; fileRef = 20BB87C316D1DA3900BF869C /* LTX10ApplianceView.xib */; };
		209791C1175AB5AB002CD2F4 /* Icon.png in Resources */ = {isa = PBXBuildFile; fileRef = 209791BF175AB5AB002CD2F4 /* Icon.png */; };
		209791C2175AB5AB002CD2F4 /* Icon@2x.png in Resources */ = {isa = PBXBuildFile; fileRef = 209791C0175AB5AB002CD2F4 /* Icon@2x.png */; };
		209791C5175AB5F3002CD2F4 /* Icon.png in Resources */ = {isa = PBXBuildFile; fileRef = 209791C3175AB5F3002CD2F4 /* Icon.png */; };
		209791C6175AB5F3002CD2F4 /* Icon@2x.png in Resources */ = {isa = PBXBuildFile; fileRef = 209791C4175AB5F3002CD2F4 /* Icon@2x.png */; };
		20BB87C416D1DA3900BF869C /* LTX10ApplianceView.xib in Resources */ = {isa = PBXBuildFile; fileRef = 20BB87C316D1DA3900BF869C /* LTX10ApplianceView.xib */; };
		20BB87C716D1DA5B00BF869C /* LTX10ApplianceView.m in Sources */ = {isa = PBXBuildFile; fileRef = 20BB87C616D1DA5B00BF869C /* LTX10ApplianceView.m */; };
		20CA978116AF8EC20099F6F5 /* base64.c in Sources */ = {isa = PBXBuildFile; fileRef = 20CA977A16AF8EC20099F6F5 /* base64.c */; };
		20CA978216AF8EC20099F6F5 /* NSData+SRB64Additions.m in Sources */ = {isa = PBXBuildFile; fileRef = 20CA977D16AF8EC20099F6F5 /* NSData+SRB64Additions.m */; };
		20CA978316AF8EC20099F6F5 /* SRWebSocket.m in Sources */ = {isa = PBXBuildFile; fileRef = 20CA978016AF8EC20099F6F5 /* SRWebSocket.m */; };
		20CA978616AF8EEF0099F6F5 /* libicucore.dylib in Frameworks */ = {isa = PBXBuildFile; fileRef = 20CA978516AF8EEF0099F6F5 /* libicucore.dylib */; };
		20CA978816AF8EF80099F6F5 /* CFNetwork.framework in Frameworks */ = {isa = PBXBuildFile; fileRef = 20CA978716AF8EF80099F6F5 /* CFNetwork.framework */; };
		20CA978A16AF8F010099F6F5 /* Security.framework in Frameworks */ = {isa = PBXBuildFile; fileRef = 20CA978916AF8F010099F6F5 /* Security.framework */; };
		20CA979116AF9A3E0099F6F5 /* HashValue.m in Sources */ = {isa = PBXBuildFile; fileRef = 20CA979016AF9A3E0099F6F5 /* HashValue.m */; settings = {COMPILER_FLAGS = "-fno-objc-arc"; }; };
		20D9DFEF16A8974200393078 /* UIKit.framework in Frameworks */ = {isa = PBXBuildFile; fileRef = 20D9DFEE16A8974200393078 /* UIKit.framework */; };
		20D9DFF116A8974200393078 /* Foundation.framework in Frameworks */ = {isa = PBXBuildFile; fileRef = 20D9DFF016A8974200393078 /* Foundation.framework */; };
		20D9DFF316A8974200393078 /* CoreGraphics.framework in Frameworks */ = {isa = PBXBuildFile; fileRef = 20D9DFF216A8974200393078 /* CoreGraphics.framework */; };
		20D9DFF916A8974200393078 /* InfoPlist.strings in Resources */ = {isa = PBXBuildFile; fileRef = 20D9DFF716A8974200393078 /* InfoPlist.strings */; };
		20D9DFFB16A8974200393078 /* main.m in Sources */ = {isa = PBXBuildFile; fileRef = 20D9DFFA16A8974200393078 /* main.m */; };
		20D9DFFF16A8974200393078 /* LTAppDelegate.m in Sources */ = {isa = PBXBuildFile; fileRef = 20D9DFFE16A8974200393078 /* LTAppDelegate.m */; };
		20D9E00116A8974200393078 /* Default.png in Resources */ = {isa = PBXBuildFile; fileRef = 20D9E00016A8974200393078 /* Default.png */; };
		20D9E00316A8974200393078 /* Default@2x.png in Resources */ = {isa = PBXBuildFile; fileRef = 20D9E00216A8974200393078 /* Default@2x.png */; };
		20D9E00516A8974200393078 /* Default-568h@2x.png in Resources */ = {isa = PBXBuildFile; fileRef = 20D9E00416A8974200393078 /* Default-568h@2x.png */; };
		20D9E00816A8974200393078 /* LTColorViewController.m in Sources */ = {isa = PBXBuildFile; fileRef = 20D9E00716A8974200393078 /* LTColorViewController.m */; };
		20D9E00F16A8974200393078 /* LTScheduleViewController.m in Sources */ = {isa = PBXBuildFile; fileRef = 20D9E00E16A8974200393078 /* LTScheduleViewController.m */; };
		20D9E01616A8974200393078 /* LTColorViewController.xib in Resources */ = {isa = PBXBuildFile; fileRef = 20D9E01416A8974200393078 /* LTColorViewController.xib */; };
		20D9E01916A8974200393078 /* LTScheduleViewController.xib in Resources */ = {isa = PBXBuildFile; fileRef = 20D9E01716A8974200393078 /* LTScheduleViewController.xib */; };
		20D9E02216A8983A00393078 /* schedule.png in Resources */ = {isa = PBXBuildFile; fileRef = 20D9E02016A8983A00393078 /* schedule.png */; };
		20D9E02316A8983A00393078 /* schedule@2x.png in Resources */ = {isa = PBXBuildFile; fileRef = 20D9E02116A8983A00393078 /* schedule@2x.png */; };
		20D9E02616A8988400393078 /* now.png in Resources */ = {isa = PBXBuildFile; fileRef = 20D9E02416A8988400393078 /* now.png */; };
		20D9E02716A8988400393078 /* now@2x.png in Resources */ = {isa = PBXBuildFile; fileRef = 20D9E02516A8988400393078 /* now@2x.png */; };
		20D9E03216A89DC900393078 /* QuartzCore.framework in Frameworks */ = {isa = PBXBuildFile; fileRef = 20D9E03116A89DC900393078 /* QuartzCore.framework */; };
		20D9E04C16A89E3000393078 /* checkerboard.png in Resources */ = {isa = PBXBuildFile; fileRef = 20D9E03416A89E3000393078 /* checkerboard.png */; };
		20D9E04D16A89E3000393078 /* checkerboard@2x.png in Resources */ = {isa = PBXBuildFile; fileRef = 20D9E03516A89E3000393078 /* checkerboard@2x.png */; };
		20D9E04E16A89E3000393078 /* colorPickerKnob.png in Resources */ = {isa = PBXBuildFile; fileRef = 20D9E03616A89E3000393078 /* colorPickerKnob.png */; };
		20D9E04F16A89E3000393078 /* colorPickerKnob@2x.png in Resources */ = {isa = PBXBuildFile; fileRef = 20D9E03716A89E3000393078 /* colorPickerKnob@2x.png */; };
		20D9E05016A89E3000393078 /* HSV.c in Sources */ = {isa = PBXBuildFile; fileRef = 20D9E03816A89E3000393078 /* HSV.c */; settings = {COMPILER_FLAGS = "-fno-objc-arc"; }; };
		20D9E05116A89E3000393078 /* KZColorCompareView.m in Sources */ = {isa = PBXBuildFile; fileRef = 20D9E03B16A89E3000393078 /* KZColorCompareView.m */; settings = {COMPILER_FLAGS = "-fno-objc-arc"; }; };
		20D9E05216A89E3000393078 /* KZColorPicker.m in Sources */ = {isa = PBXBuildFile; fileRef = 20D9E03D16A89E3000393078 /* KZColorPicker.m */; settings = {COMPILER_FLAGS = "-fno-objc-arc"; }; };
		20D9E05316A89E3000393078 /* KZColorPickerAlphaSlider.m in Sources */ = {isa = PBXBuildFile; fileRef = 20D9E03F16A89E3000393078 /* KZColorPickerAlphaSlider.m */; settings = {COMPILER_FLAGS = "-fno-objc-arc"; }; };
		20D9E05416A89E3000393078 /* KZColorPickerBrightnessSlider.m in Sources */ = {isa = PBXBuildFile; fileRef = 20D9E04116A89E3000393078 /* KZColorPickerBrightnessSlider.m */; settings = {COMPILER_FLAGS = "-fno-objc-arc"; }; };
		20D9E05516A89E3000393078 /* KZColorPickerHSWheel.m in Sources */ = {isa = PBXBuildFile; fileRef = 20D9E04316A89E3000393078 /* KZColorPickerHSWheel.m */; settings = {COMPILER_FLAGS = "-fno-objc-arc"; }; };
		20D9E05616A89E3000393078 /* KZColorPickerSwatchView.m in Sources */ = {isa = PBXBuildFile; fileRef = 20D9E04516A89E3000393078 /* KZColorPickerSwatchView.m */; settings = {COMPILER_FLAGS = "-fno-objc-arc"; }; };
		20D9E05716A89E3000393078 /* KZUnitSlider.m in Sources */ = {isa = PBXBuildFile; fileRef = 20D9E04716A89E3000393078 /* KZUnitSlider.m */; settings = {COMPILER_FLAGS = "-fno-objc-arc"; }; };
		20D9E05816A89E3000393078 /* pickerColorWheel.png in Resources */ = {isa = PBXBuildFile; fileRef = 20D9E04816A89E3000393078 /* pickerColorWheel.png */; };
		20D9E05916A89E3000393078 /* pickerColorWheel@2x.png in Resources */ = {isa = PBXBuildFile; fileRef = 20D9E04916A89E3000393078 /* pickerColorWheel@2x.png */; };
		20D9E05A16A89E3000393078 /* UIColor-Expanded.m in Sources */ = {isa = PBXBuildFile; fileRef = 20D9E04B16A89E3000393078 /* UIColor-Expanded.m */; settings = {COMPILER_FLAGS = "-fno-objc-arc"; }; };
		20F6D4CC16B493AC002AE977 /* LTTableViewController.m in Sources */ = {isa = PBXBuildFile; fileRef = 20F6D4CA16B493AC002AE977 /* LTTableViewController.m */; };
		20F6D4D616B4AA7D002AE977 /* LTColorPickerViewController.m in Sources */ = {isa = PBXBuildFile; fileRef = 20F6D4D416B4AA7C002AE977 /* LTColorPickerViewController.m */; };
		20F6D4DA16B4C875002AE977 /* LTScheduleCell.m in Sources */ = {isa = PBXBuildFile; fileRef = 20F6D4D916B4C875002AE977 /* LTScheduleCell.m */; };
		20F6D4DC16B4C896002AE977 /* LTScheduleCell.xib in Resources */ = {isa = PBXBuildFile; fileRef = 20F6D4DB16B4C896002AE977 /* LTScheduleCell.xib */; };
		20F6D4EF16B4D005002AE977 /* ShadowedTableView.m in Sources */ = {isa = PBXBuildFile; fileRef = 20F6D4EE16B4D004002AE977 /* ShadowedTableView.m */; settings = {COMPILER_FLAGS = "-fno-objc-arc"; }; };
/* End PBXBuildFile section */

/* Begin PBXFileReference section */
		200C76C616D03ECC004693F1 /* flower.png */ = {isa = PBXFileReference; lastKnownFileType = image.png; path = flower.png; sourceTree = "<group>"; };
		200C76C716D03ECC004693F1 /* flower@2x.png */ = {isa = PBXFileReference; lastKnownFileType = image.png; path = "flower@2x.png"; sourceTree = "<group>"; };
		200C76CA16D03F1D004693F1 /* LTHomeViewController.h */ = {isa = PBXFileReference; fileEncoding = 4; lastKnownFileType = sourcecode.c.h; path = LTHomeViewController.h; sourceTree = "<group>"; };
		200C76CB16D03F1D004693F1 /* LTHomeViewController.m */ = {isa = PBXFileReference; fileEncoding = 4; lastKnownFileType = sourcecode.c.objc; path = LTHomeViewController.m; sourceTree = "<group>"; };
		200C76CC16D03F1D004693F1 /* LTHomeViewController.xib */ = {isa = PBXFileReference; fileEncoding = 4; lastKnownFileType = file.xib; path = LTHomeViewController.xib; sourceTree = "<group>"; };
		200C76CF16D03F85004693F1 /* house.png */ = {isa = PBXFileReference; lastKnownFileType = image.png; path = house.png; sourceTree = "<group>"; };
		200C76D016D03F85004693F1 /* house@2x.png */ = {isa = PBXFileReference; lastKnownFileType = image.png; path = "house@2x.png"; sourceTree = "<group>"; };
		200C76D316D08C3C004693F1 /* RNBlurModalView.h */ = {isa = PBXFileReference; fileEncoding = 4; lastKnownFileType = sourcecode.c.h; path = RNBlurModalView.h; sourceTree = "<group>"; };
		200C76D416D08C3C004693F1 /* RNBlurModalView.m */ = {isa = PBXFileReference; fileEncoding = 4; lastKnownFileType = sourcecode.c.objc; path = RNBlurModalView.m; sourceTree = "<group>"; };
		200C76D616D08E58004693F1 /* LTX10LampView.h */ = {isa = PBXFileReference; fileEncoding = 4; lastKnownFileType = sourcecode.c.h; path = LTX10LampView.h; sourceTree = "<group>"; };
		200C76D716D08E58004693F1 /* LTX10LampView.m */ = {isa = PBXFileReference; fileEncoding = 4; lastKnownFileType = sourcecode.c.objc; path = LTX10LampView.m; sourceTree = "<group>"; };
		200C76D916D08E6E004693F1 /* LTX10LampView.xib */ = {isa = PBXFileReference; fileEncoding = 4; lastKnownFileType = file.xib; path = LTX10LampView.xib; sourceTree = "<group>"; };
		200C76DB16D09062004693F1 /* Accelerate.framework */ = {isa = PBXFileReference; lastKnownFileType = wrapper.framework; name = Accelerate.framework; path = System/Library/Frameworks/Accelerate.framework; sourceTree = SDKROOT; };
		2017766C16DB03E800AE795E /* LTPresetAddViewController.h */ = {isa = PBXFileReference; fileEncoding = 4; lastKnownFileType = sourcecode.c.h; path = LTPresetAddViewController.h; sourceTree = "<group>"; };
		2017766D16DB03E800AE795E /* LTPresetAddViewController.m */ = {isa = PBXFileReference; fileEncoding = 4; lastKnownFileType = sourcecode.c.objc; path = LTPresetAddViewController.m; sourceTree = "<group>"; };
		2017766E16DB03E800AE795E /* LTPresetAddViewController.xib */ = {isa = PBXFileReference; fileEncoding = 4; lastKnownFileType = file.xib; path = LTPresetAddViewController.xib; sourceTree = "<group>"; };
		2017767116DB0AFF00AE795E /* LTPresetDetailViewController.h */ = {isa = PBXFileReference; fileEncoding = 4; lastKnownFileType = sourcecode.c.h; path = LTPresetDetailViewController.h; sourceTree = "<group>"; };
		2017767216DB0B0000AE795E /* LTPresetDetailViewController.m */ = {isa = PBXFileReference; fileEncoding = 4; lastKnownFileType = sourcecode.c.objc; path = LTPresetDetailViewController.m; sourceTree = "<group>"; };
		2017767316DB0B0000AE795E /* LTPresetDetailViewController.xib */ = {isa = PBXFileReference; fileEncoding = 4; lastKnownFileType = file.xib; path = LTPresetDetailViewController.xib; sourceTree = "<group>"; };
		203E846E16C5CE0C0086C015 /* dark.png */ = {isa = PBXFileReference; lastKnownFileType = image.png; path = dark.png; sourceTree = "<group>"; };
		203E846F16C5CE0C0086C015 /* dark@2x.png */ = {isa = PBXFileReference; lastKnownFileType = image.png; path = "dark@2x.png"; sourceTree = "<group>"; };
		203E847216C5D3870086C015 /* turtle.png */ = {isa = PBXFileReference; lastKnownFileType = image.png; path = turtle.png; sourceTree = "<group>"; };
		203E847316C5D3870086C015 /* turtle@2x.png */ = {isa = PBXFileReference; lastKnownFileType = image.png; path = "turtle@2x.png"; sourceTree = "<group>"; };
		203E847416C5D3870086C015 /* rabbit.png */ = {isa = PBXFileReference; lastKnownFileType = image.png; path = rabbit.png; sourceTree = "<group>"; };
		203E847516C5D3870086C015 /* rabbit@2x.png */ = {isa = PBXFileReference; lastKnownFileType = image.png; path = "rabbit@2x.png"; sourceTree = "<group>"; };
		203E847D16C5DF120086C015 /* LTScrollView.h */ = {isa = PBXFileReference; fileEncoding = 4; lastKnownFileType = sourcecode.c.h; path = LTScrollView.h; sourceTree = "<group>"; };
		203E847E16C5DF120086C015 /* LTScrollView.m */ = {isa = PBXFileReference; fileEncoding = 4; lastKnownFileType = sourcecode.c.objc; path = LTScrollView.m; sourceTree = "<group>"; };
		2044E78916B39D4D001C92F7 /* LTNetworkController.h */ = {isa = PBXFileReference; fileEncoding = 4; lastKnownFileType = sourcecode.c.h; path = LTNetworkController.h; sourceTree = "<group>"; };
		2044E78A16B39D4D001C92F7 /* LTNetworkController.m */ = {isa = PBXFileReference; fileEncoding = 4; lastKnownFileType = sourcecode.c.objc; path = LTNetworkController.m; sourceTree = "<group>"; };
		2044E78D16B3A614001C92F7 /* LTAddViewController.h */ = {isa = PBXFileReference; fileEncoding = 4; lastKnownFileType = sourcecode.c.h; path = LTAddViewController.h; sourceTree = "<group>"; };
		2044E78E16B3A614001C92F7 /* LTAddViewController.m */ = {isa = PBXFileReference; fileEncoding = 4; lastKnownFileType = sourcecode.c.objc; path = LTAddViewController.m; sourceTree = "<group>"; };
		2044E78F16B3A614001C92F7 /* LTAddViewController.xib */ = {isa = PBXFileReference; fileEncoding = 4; lastKnownFileType = file.xib; path = LTAddViewController.xib; sourceTree = "<group>"; };
		207ABCD116BB637E003F9602 /* LTSettingsViewController.h */ = {isa = PBXFileReference; fileEncoding = 4; lastKnownFileType = sourcecode.c.h; path = LTSettingsViewController.h; sourceTree = "<group>"; };
		207ABCD216BB637E003F9602 /* LTSettingsViewController.m */ = {isa = PBXFileReference; fileEncoding = 4; lastKnownFileType = sourcecode.c.objc; path = LTSettingsViewController.m; sourceTree = "<group>"; };
		207ABCD316BB637E003F9602 /* LTSettingsViewController.xib */ = {isa = PBXFileReference; fileEncoding = 4; lastKnownFileType = file.xib; path = LTSettingsViewController.xib; sourceTree = "<group>"; };
		207ABCD616BB63B6003F9602 /* gear.png */ = {isa = PBXFileReference; lastKnownFileType = image.png; path = gear.png; sourceTree = "<group>"; };
		207ABCD716BB63B6003F9602 /* gear@2x.png */ = {isa = PBXFileReference; lastKnownFileType = image.png; path = "gear@2x.png"; sourceTree = "<group>"; };
		208CE26416F121CB00F32706 /* Simple Lights.app */ = {isa = PBXFileReference; explicitFileType = wrapper.application; includeInIndex = 0; path = "Simple Lights.app"; sourceTree = BUILT_PRODUCTS_DIR; };
		208CE26A16F121CB00F32706 /* Simple Lights-Info.plist */ = {isa = PBXFileReference; lastKnownFileType = text.plist.xml; path = "Simple Lights-Info.plist"; sourceTree = "<group>"; };
		208CE26C16F121CB00F32706 /* en */ = {isa = PBXFileReference; lastKnownFileType = text.plist.strings; name = en; path = en.lproj/InfoPlist.strings; sourceTree = "<group>"; };
		208CE26E16F121CB00F32706 /* main.m */ = {isa = PBXFileReference; lastKnownFileType = sourcecode.c.objc; path = main.m; sourceTree = "<group>"; };
		208CE27016F121CB00F32706 /* Simple Lights-Prefix.pch */ = {isa = PBXFileReference; lastKnownFileType = sourcecode.c.h; path = "Simple Lights-Prefix.pch"; sourceTree = "<group>"; };
		208CE27116F121CB00F32706 /* SLAppDelegate.h */ = {isa = PBXFileReference; lastKnownFileType = sourcecode.c.h; path = SLAppDelegate.h; sourceTree = "<group>"; };
		208CE27216F121CB00F32706 /* SLAppDelegate.m */ = {isa = PBXFileReference; lastKnownFileType = sourcecode.c.objc; path = SLAppDelegate.m; sourceTree = "<group>"; };
		208CE27416F121CB00F32706 /* Default.png */ = {isa = PBXFileReference; lastKnownFileType = image.png; path = Default.png; sourceTree = "<group>"; };
		208CE27616F121CB00F32706 /* Default@2x.png */ = {isa = PBXFileReference; lastKnownFileType = image.png; path = "Default@2x.png"; sourceTree = "<group>"; };
		208CE27816F121CB00F32706 /* Default-568h@2x.png */ = {isa = PBXFileReference; lastKnownFileType = image.png; path = "Default-568h@2x.png"; sourceTree = "<group>"; };
		209791BF175AB5AB002CD2F4 /* Icon.png */ = {isa = PBXFileReference; lastKnownFileType = image.png; path = Icon.png; sourceTree = "<group>"; };
		209791C0175AB5AB002CD2F4 /* Icon@2x.png */ = {isa = PBXFileReference; lastKnownFileType = image.png; path = "Icon@2x.png"; sourceTree = "<group>"; };
		209791C3175AB5F3002CD2F4 /* Icon.png */ = {isa = PBXFileReference; lastKnownFileType = image.png; path = Icon.png; sourceTree = "<group>"; };
		209791C4175AB5F3002CD2F4 /* Icon@2x.png */ = {isa = PBXFileReference; lastKnownFileType = image.png; path = "Icon@2x.png"; sourceTree = "<group>"; };
		20BB87C316D1DA3900BF869C /* LTX10ApplianceView.xib */ = {isa = PBXFileReference; fileEncoding = 4; lastKnownFileType = file.xib; path = LTX10ApplianceView.xib; sourceTree = "<group>"; };
		20BB87C516D1DA5B00BF869C /* LTX10ApplianceView.h */ = {isa = PBXFileReference; fileEncoding = 4; lastKnownFileType = sourcecode.c.h; path = LTX10ApplianceView.h; sourceTree = "<group>"; };
		20BB87C616D1DA5B00BF869C /* LTX10ApplianceView.m */ = {isa = PBXFileReference; fileEncoding = 4; lastKnownFileType = sourcecode.c.objc; path = LTX10ApplianceView.m; sourceTree = "<group>"; };
		20CA977A16AF8EC20099F6F5 /* base64.c */ = {isa = PBXFileReference; fileEncoding = 4; lastKnownFileType = sourcecode.c.c; path = base64.c; sourceTree = "<group>"; };
		20CA977B16AF8EC20099F6F5 /* base64.h */ = {isa = PBXFileReference; fileEncoding = 4; lastKnownFileType = sourcecode.c.h; path = base64.h; sourceTree = "<group>"; };
		20CA977C16AF8EC20099F6F5 /* NSData+SRB64Additions.h */ = {isa = PBXFileReference; fileEncoding = 4; lastKnownFileType = sourcecode.c.h; path = "NSData+SRB64Additions.h"; sourceTree = "<group>"; };
		20CA977D16AF8EC20099F6F5 /* NSData+SRB64Additions.m */ = {isa = PBXFileReference; fileEncoding = 4; lastKnownFileType = sourcecode.c.objc; path = "NSData+SRB64Additions.m"; sourceTree = "<group>"; };
		20CA977E16AF8EC20099F6F5 /* SocketRocket-Prefix.pch */ = {isa = PBXFileReference; fileEncoding = 4; lastKnownFileType = sourcecode.c.h; path = "SocketRocket-Prefix.pch"; sourceTree = "<group>"; };
		20CA977F16AF8EC20099F6F5 /* SRWebSocket.h */ = {isa = PBXFileReference; fileEncoding = 4; lastKnownFileType = sourcecode.c.h; path = SRWebSocket.h; sourceTree = "<group>"; };
		20CA978016AF8EC20099F6F5 /* SRWebSocket.m */ = {isa = PBXFileReference; fileEncoding = 4; lastKnownFileType = sourcecode.c.objc; path = SRWebSocket.m; sourceTree = "<group>"; };
		20CA978516AF8EEF0099F6F5 /* libicucore.dylib */ = {isa = PBXFileReference; lastKnownFileType = "compiled.mach-o.dylib"; name = libicucore.dylib; path = usr/lib/libicucore.dylib; sourceTree = SDKROOT; };
		20CA978716AF8EF80099F6F5 /* CFNetwork.framework */ = {isa = PBXFileReference; lastKnownFileType = wrapper.framework; name = CFNetwork.framework; path = System/Library/Frameworks/CFNetwork.framework; sourceTree = SDKROOT; };
		20CA978916AF8F010099F6F5 /* Security.framework */ = {isa = PBXFileReference; lastKnownFileType = wrapper.framework; name = Security.framework; path = System/Library/Frameworks/Security.framework; sourceTree = SDKROOT; };
		20CA978F16AF9A3E0099F6F5 /* HashValue.h */ = {isa = PBXFileReference; fileEncoding = 4; lastKnownFileType = sourcecode.c.h; path = HashValue.h; sourceTree = "<group>"; };
		20CA979016AF9A3E0099F6F5 /* HashValue.m */ = {isa = PBXFileReference; fileEncoding = 4; lastKnownFileType = sourcecode.c.objc; path = HashValue.m; sourceTree = "<group>"; };
		20D9DFEA16A8974200393078 /* Lights.app */ = {isa = PBXFileReference; explicitFileType = wrapper.application; includeInIndex = 0; path = Lights.app; sourceTree = BUILT_PRODUCTS_DIR; };
		20D9DFEE16A8974200393078 /* UIKit.framework */ = {isa = PBXFileReference; lastKnownFileType = wrapper.framework; name = UIKit.framework; path = System/Library/Frameworks/UIKit.framework; sourceTree = SDKROOT; };
		20D9DFF016A8974200393078 /* Foundation.framework */ = {isa = PBXFileReference; lastKnownFileType = wrapper.framework; name = Foundation.framework; path = System/Library/Frameworks/Foundation.framework; sourceTree = SDKROOT; };
		20D9DFF216A8974200393078 /* CoreGraphics.framework */ = {isa = PBXFileReference; lastKnownFileType = wrapper.framework; name = CoreGraphics.framework; path = System/Library/Frameworks/CoreGraphics.framework; sourceTree = SDKROOT; };
		20D9DFF616A8974200393078 /* Lights-Info.plist */ = {isa = PBXFileReference; lastKnownFileType = text.plist.xml; path = "Lights-Info.plist"; sourceTree = "<group>"; };
		20D9DFF816A8974200393078 /* en */ = {isa = PBXFileReference; lastKnownFileType = text.plist.strings; name = en; path = en.lproj/InfoPlist.strings; sourceTree = "<group>"; };
		20D9DFFA16A8974200393078 /* main.m */ = {isa = PBXFileReference; lastKnownFileType = sourcecode.c.objc; path = main.m; sourceTree = "<group>"; };
		20D9DFFC16A8974200393078 /* Lights-Prefix.pch */ = {isa = PBXFileReference; lastKnownFileType = sourcecode.c.h; path = "Lights-Prefix.pch"; sourceTree = "<group>"; };
		20D9DFFD16A8974200393078 /* LTAppDelegate.h */ = {isa = PBXFileReference; lastKnownFileType = sourcecode.c.h; path = LTAppDelegate.h; sourceTree = "<group>"; };
		20D9DFFE16A8974200393078 /* LTAppDelegate.m */ = {isa = PBXFileReference; lastKnownFileType = sourcecode.c.objc; path = LTAppDelegate.m; sourceTree = "<group>"; };
		20D9E00016A8974200393078 /* Default.png */ = {isa = PBXFileReference; lastKnownFileType = image.png; path = Default.png; sourceTree = "<group>"; };
		20D9E00216A8974200393078 /* Default@2x.png */ = {isa = PBXFileReference; lastKnownFileType = image.png; path = "Default@2x.png"; sourceTree = "<group>"; };
		20D9E00416A8974200393078 /* Default-568h@2x.png */ = {isa = PBXFileReference; lastKnownFileType = image.png; path = "Default-568h@2x.png"; sourceTree = "<group>"; };
		20D9E00616A8974200393078 /* LTColorViewController.h */ = {isa = PBXFileReference; lastKnownFileType = sourcecode.c.h; path = LTColorViewController.h; sourceTree = "<group>"; };
		20D9E00716A8974200393078 /* LTColorViewController.m */ = {isa = PBXFileReference; lastKnownFileType = sourcecode.c.objc; path = LTColorViewController.m; sourceTree = "<group>"; };
		20D9E00D16A8974200393078 /* LTScheduleViewController.h */ = {isa = PBXFileReference; lastKnownFileType = sourcecode.c.h; path = LTScheduleViewController.h; sourceTree = "<group>"; };
		20D9E00E16A8974200393078 /* LTScheduleViewController.m */ = {isa = PBXFileReference; lastKnownFileType = sourcecode.c.objc; path = LTScheduleViewController.m; sourceTree = "<group>"; };
		20D9E01516A8974200393078 /* en */ = {isa = PBXFileReference; lastKnownFileType = file.xib; name = en; path = en.lproj/LTColorViewController.xib; sourceTree = "<group>"; };
		20D9E01816A8974200393078 /* en */ = {isa = PBXFileReference; lastKnownFileType = file.xib; name = en; path = en.lproj/LTScheduleViewController.xib; sourceTree = "<group>"; };
		20D9E02016A8983A00393078 /* schedule.png */ = {isa = PBXFileReference; lastKnownFileType = image.png; path = schedule.png; sourceTree = "<group>"; };
		20D9E02116A8983A00393078 /* schedule@2x.png */ = {isa = PBXFileReference; lastKnownFileType = image.png; path = "schedule@2x.png"; sourceTree = "<group>"; };
		20D9E02416A8988400393078 /* now.png */ = {isa = PBXFileReference; lastKnownFileType = image.png; path = now.png; sourceTree = "<group>"; };
		20D9E02516A8988400393078 /* now@2x.png */ = {isa = PBXFileReference; lastKnownFileType = image.png; path = "now@2x.png"; sourceTree = "<group>"; };
		20D9E03116A89DC900393078 /* QuartzCore.framework */ = {isa = PBXFileReference; lastKnownFileType = wrapper.framework; name = QuartzCore.framework; path = System/Library/Frameworks/QuartzCore.framework; sourceTree = SDKROOT; };
		20D9E03416A89E3000393078 /* checkerboard.png */ = {isa = PBXFileReference; lastKnownFileType = image.png; path = checkerboard.png; sourceTree = "<group>"; };
		20D9E03516A89E3000393078 /* checkerboard@2x.png */ = {isa = PBXFileReference; lastKnownFileType = image.png; path = "checkerboard@2x.png"; sourceTree = "<group>"; };
		20D9E03616A89E3000393078 /* colorPickerKnob.png */ = {isa = PBXFileReference; lastKnownFileType = image.png; path = colorPickerKnob.png; sourceTree = "<group>"; };
		20D9E03716A89E3000393078 /* colorPickerKnob@2x.png */ = {isa = PBXFileReference; lastKnownFileType = image.png; path = "colorPickerKnob@2x.png"; sourceTree = "<group>"; };
		20D9E03816A89E3000393078 /* HSV.c */ = {isa = PBXFileReference; fileEncoding = 4; lastKnownFileType = sourcecode.c.c; path = HSV.c; sourceTree = "<group>"; };
		20D9E03916A89E3000393078 /* HSV.h */ = {isa = PBXFileReference; fileEncoding = 4; lastKnownFileType = sourcecode.c.h; path = HSV.h; sourceTree = "<group>"; };
		20D9E03A16A89E3000393078 /* KZColorCompareView.h */ = {isa = PBXFileReference; fileEncoding = 4; lastKnownFileType = sourcecode.c.h; path = KZColorCompareView.h; sourceTree = "<group>"; };
		20D9E03B16A89E3000393078 /* KZColorCompareView.m */ = {isa = PBXFileReference; fileEncoding = 4; lastKnownFileType = sourcecode.c.objc; path = KZColorCompareView.m; sourceTree = "<group>"; };
		20D9E03C16A89E3000393078 /* KZColorPicker.h */ = {isa = PBXFileReference; fileEncoding = 4; lastKnownFileType = sourcecode.c.h; path = KZColorPicker.h; sourceTree = "<group>"; };
		20D9E03D16A89E3000393078 /* KZColorPicker.m */ = {isa = PBXFileReference; fileEncoding = 4; lastKnownFileType = sourcecode.c.objc; path = KZColorPicker.m; sourceTree = "<group>"; };
		20D9E03E16A89E3000393078 /* KZColorPickerAlphaSlider.h */ = {isa = PBXFileReference; fileEncoding = 4; lastKnownFileType = sourcecode.c.h; path = KZColorPickerAlphaSlider.h; sourceTree = "<group>"; };
		20D9E03F16A89E3000393078 /* KZColorPickerAlphaSlider.m */ = {isa = PBXFileReference; fileEncoding = 4; lastKnownFileType = sourcecode.c.objc; path = KZColorPickerAlphaSlider.m; sourceTree = "<group>"; };
		20D9E04016A89E3000393078 /* KZColorPickerBrightnessSlider.h */ = {isa = PBXFileReference; fileEncoding = 4; lastKnownFileType = sourcecode.c.h; path = KZColorPickerBrightnessSlider.h; sourceTree = "<group>"; };
		20D9E04116A89E3000393078 /* KZColorPickerBrightnessSlider.m */ = {isa = PBXFileReference; fileEncoding = 4; lastKnownFileType = sourcecode.c.objc; path = KZColorPickerBrightnessSlider.m; sourceTree = "<group>"; };
		20D9E04216A89E3000393078 /* KZColorPickerHSWheel.h */ = {isa = PBXFileReference; fileEncoding = 4; lastKnownFileType = sourcecode.c.h; path = KZColorPickerHSWheel.h; sourceTree = "<group>"; };
		20D9E04316A89E3000393078 /* KZColorPickerHSWheel.m */ = {isa = PBXFileReference; fileEncoding = 4; lastKnownFileType = sourcecode.c.objc; path = KZColorPickerHSWheel.m; sourceTree = "<group>"; };
		20D9E04416A89E3000393078 /* KZColorPickerSwatchView.h */ = {isa = PBXFileReference; fileEncoding = 4; lastKnownFileType = sourcecode.c.h; path = KZColorPickerSwatchView.h; sourceTree = "<group>"; };
		20D9E04516A89E3000393078 /* KZColorPickerSwatchView.m */ = {isa = PBXFileReference; fileEncoding = 4; lastKnownFileType = sourcecode.c.objc; path = KZColorPickerSwatchView.m; sourceTree = "<group>"; };
		20D9E04616A89E3000393078 /* KZUnitSlider.h */ = {isa = PBXFileReference; fileEncoding = 4; lastKnownFileType = sourcecode.c.h; path = KZUnitSlider.h; sourceTree = "<group>"; };
		20D9E04716A89E3000393078 /* KZUnitSlider.m */ = {isa = PBXFileReference; fileEncoding = 4; lastKnownFileType = sourcecode.c.objc; path = KZUnitSlider.m; sourceTree = "<group>"; };
		20D9E04816A89E3000393078 /* pickerColorWheel.png */ = {isa = PBXFileReference; lastKnownFileType = image.png; path = pickerColorWheel.png; sourceTree = "<group>"; };
		20D9E04916A89E3000393078 /* pickerColorWheel@2x.png */ = {isa = PBXFileReference; lastKnownFileType = image.png; path = "pickerColorWheel@2x.png"; sourceTree = "<group>"; };
		20D9E04A16A89E3000393078 /* UIColor-Expanded.h */ = {isa = PBXFileReference; fileEncoding = 4; lastKnownFileType = sourcecode.c.h; path = "UIColor-Expanded.h"; sourceTree = "<group>"; };
		20D9E04B16A89E3000393078 /* UIColor-Expanded.m */ = {isa = PBXFileReference; fileEncoding = 4; lastKnownFileType = sourcecode.c.objc; path = "UIColor-Expanded.m"; sourceTree = "<group>"; };
		20F6D4C916B493AC002AE977 /* LTTableViewController.h */ = {isa = PBXFileReference; fileEncoding = 4; lastKnownFileType = sourcecode.c.h; path = LTTableViewController.h; sourceTree = "<group>"; };
		20F6D4CA16B493AC002AE977 /* LTTableViewController.m */ = {isa = PBXFileReference; fileEncoding = 4; lastKnownFileType = sourcecode.c.objc; path = LTTableViewController.m; sourceTree = "<group>"; };
		20F6D4D316B4AA7C002AE977 /* LTColorPickerViewController.h */ = {isa = PBXFileReference; fileEncoding = 4; lastKnownFileType = sourcecode.c.h; path = LTColorPickerViewController.h; sourceTree = "<group>"; };
		20F6D4D416B4AA7C002AE977 /* LTColorPickerViewController.m */ = {isa = PBXFileReference; fileEncoding = 4; lastKnownFileType = sourcecode.c.objc; path = LTColorPickerViewController.m; sourceTree = "<group>"; };
		20F6D4D816B4C875002AE977 /* LTScheduleCell.h */ = {isa = PBXFileReference; fileEncoding = 4; lastKnownFileType = sourcecode.c.h; path = LTScheduleCell.h; sourceTree = "<group>"; };
		20F6D4D916B4C875002AE977 /* LTScheduleCell.m */ = {isa = PBXFileReference; fileEncoding = 4; lastKnownFileType = sourcecode.c.objc; path = LTScheduleCell.m; sourceTree = "<group>"; };
		20F6D4DB16B4C896002AE977 /* LTScheduleCell.xib */ = {isa = PBXFileReference; fileEncoding = 4; lastKnownFileType = file.xib; path = LTScheduleCell.xib; sourceTree = "<group>"; };
		20F6D4ED16B4D004002AE977 /* ShadowedTableView.h */ = {isa = PBXFileReference; fileEncoding = 4; lastKnownFileType = sourcecode.c.h; path = ShadowedTableView.h; sourceTree = "<group>"; };
		20F6D4EE16B4D004002AE977 /* ShadowedTableView.m */ = {isa = PBXFileReference; fileEncoding = 4; lastKnownFileType = sourcecode.c.objc; path = ShadowedTableView.m; sourceTree = "<group>"; };
/* End PBXFileReference section */

/* Begin PBXFrameworksBuildPhase section */
		208CE26116F121CB00F32706 /* Frameworks */ = {
			isa = PBXFrameworksBuildPhase;
			buildActionMask = 2147483647;
			files = (
				208CE26516F121CB00F32706 /* UIKit.framework in Frameworks */,
				208CE26616F121CB00F32706 /* Foundation.framework in Frameworks */,
				208CE27E16F121F600F32706 /* CFNetwork.framework in Frameworks */,
				208CE29816F1237D00F32706 /* Accelerate.framework in Frameworks */,
				208CE28016F121FC00F32706 /* QuartzCore.framework in Frameworks */,
				208CE27F16F121F800F32706 /* Security.framework in Frameworks */,
				208CE27D16F121F400F32706 /* libicucore.dylib in Frameworks */,
				208CE26716F121CB00F32706 /* CoreGraphics.framework in Frameworks */,
			);
			runOnlyForDeploymentPostprocessing = 0;
		};
		20D9DFE716A8974200393078 /* Frameworks */ = {
			isa = PBXFrameworksBuildPhase;
			buildActionMask = 2147483647;
			files = (
				200C76DC16D09062004693F1 /* Accelerate.framework in Frameworks */,
				20CA978A16AF8F010099F6F5 /* Security.framework in Frameworks */,
				20CA978816AF8EF80099F6F5 /* CFNetwork.framework in Frameworks */,
				20CA978616AF8EEF0099F6F5 /* libicucore.dylib in Frameworks */,
				20D9E03216A89DC900393078 /* QuartzCore.framework in Frameworks */,
				20D9DFEF16A8974200393078 /* UIKit.framework in Frameworks */,
				20D9DFF116A8974200393078 /* Foundation.framework in Frameworks */,
				20D9DFF316A8974200393078 /* CoreGraphics.framework in Frameworks */,
			);
			runOnlyForDeploymentPostprocessing = 0;
		};
/* End PBXFrameworksBuildPhase section */

/* Begin PBXGroup section */
		208CE26816F121CB00F32706 /* Simple Lights */ = {
			isa = PBXGroup;
			children = (
				208CE27116F121CB00F32706 /* SLAppDelegate.h */,
				208CE27216F121CB00F32706 /* SLAppDelegate.m */,
				208CE26916F121CB00F32706 /* Supporting Files */,
			);
			path = "Simple Lights";
			sourceTree = "<group>";
		};
		208CE26916F121CB00F32706 /* Supporting Files */ = {
			isa = PBXGroup;
			children = (
				209791C3175AB5F3002CD2F4 /* Icon.png */,
				209791C4175AB5F3002CD2F4 /* Icon@2x.png */,
				208CE26A16F121CB00F32706 /* Simple Lights-Info.plist */,
				208CE26B16F121CB00F32706 /* InfoPlist.strings */,
				208CE26E16F121CB00F32706 /* main.m */,
				208CE27016F121CB00F32706 /* Simple Lights-Prefix.pch */,
				208CE27416F121CB00F32706 /* Default.png */,
				208CE27616F121CB00F32706 /* Default@2x.png */,
				208CE27816F121CB00F32706 /* Default-568h@2x.png */,
			);
			name = "Supporting Files";
			sourceTree = "<group>";
		};
		20CA977916AF8EC20099F6F5 /* SocketRocket */ = {
			isa = PBXGroup;
			children = (
				20CA978F16AF9A3E0099F6F5 /* HashValue.h */,
				20CA979016AF9A3E0099F6F5 /* HashValue.m */,
				20CA977A16AF8EC20099F6F5 /* base64.c */,
				20CA977B16AF8EC20099F6F5 /* base64.h */,
				20CA977C16AF8EC20099F6F5 /* NSData+SRB64Additions.h */,
				20CA977D16AF8EC20099F6F5 /* NSData+SRB64Additions.m */,
				20CA977E16AF8EC20099F6F5 /* SocketRocket-Prefix.pch */,
				20CA977F16AF8EC20099F6F5 /* SRWebSocket.h */,
				20CA978016AF8EC20099F6F5 /* SRWebSocket.m */,
			);
			path = SocketRocket;
			sourceTree = "<group>";
		};
		20D9DFDF16A8974200393078 = {
			isa = PBXGroup;
			children = (
				20D9DFF416A8974200393078 /* Lights */,
				208CE26816F121CB00F32706 /* Simple Lights */,
				20D9DFED16A8974200393078 /* Frameworks */,
				20D9DFEB16A8974200393078 /* Products */,
			);
			sourceTree = "<group>";
		};
		20D9DFEB16A8974200393078 /* Products */ = {
			isa = PBXGroup;
			children = (
				20D9DFEA16A8974200393078 /* Lights.app */,
				208CE26416F121CB00F32706 /* Simple Lights.app */,
			);
			name = Products;
			sourceTree = "<group>";
		};
		20D9DFED16A8974200393078 /* Frameworks */ = {
			isa = PBXGroup;
			children = (
				200C76DB16D09062004693F1 /* Accelerate.framework */,
				20CA978916AF8F010099F6F5 /* Security.framework */,
				20CA978716AF8EF80099F6F5 /* CFNetwork.framework */,
				20CA978516AF8EEF0099F6F5 /* libicucore.dylib */,
				20D9E03116A89DC900393078 /* QuartzCore.framework */,
				20D9DFEE16A8974200393078 /* UIKit.framework */,
				20D9DFF016A8974200393078 /* Foundation.framework */,
				20D9DFF216A8974200393078 /* CoreGraphics.framework */,
			);
			name = Frameworks;
			sourceTree = "<group>";
		};
		20D9DFF416A8974200393078 /* Lights */ = {
			isa = PBXGroup;
			children = (
				20F6D4ED16B4D004002AE977 /* ShadowedTableView.h */,
				20F6D4EE16B4D004002AE977 /* ShadowedTableView.m */,
				200C76D316D08C3C004693F1 /* RNBlurModalView.h */,
				200C76D416D08C3C004693F1 /* RNBlurModalView.m */,
				20CA977916AF8EC20099F6F5 /* SocketRocket */,
				20D9E03316A89E3000393078 /* ColorPicker */,
				20D9DFFD16A8974200393078 /* LTAppDelegate.h */,
				20D9DFFE16A8974200393078 /* LTAppDelegate.m */,
				2044E78916B39D4D001C92F7 /* LTNetworkController.h */,
				2044E78A16B39D4D001C92F7 /* LTNetworkController.m */,
				200C76CA16D03F1D004693F1 /* LTHomeViewController.h */,
				200C76CB16D03F1D004693F1 /* LTHomeViewController.m */,
				20D9E00616A8974200393078 /* LTColorViewController.h */,
				20D9E00716A8974200393078 /* LTColorViewController.m */,
				20D9E00D16A8974200393078 /* LTScheduleViewController.h */,
				20D9E00E16A8974200393078 /* LTScheduleViewController.m */,
				207ABCD116BB637E003F9602 /* LTSettingsViewController.h */,
				207ABCD216BB637E003F9602 /* LTSettingsViewController.m */,
				2044E78D16B3A614001C92F7 /* LTAddViewController.h */,
				2044E78E16B3A614001C92F7 /* LTAddViewController.m */,
				2017767116DB0AFF00AE795E /* LTPresetDetailViewController.h */,
				2017767216DB0B0000AE795E /* LTPresetDetailViewController.m */,
				2017766C16DB03E800AE795E /* LTPresetAddViewController.h */,
				2017766D16DB03E800AE795E /* LTPresetAddViewController.m */,
				20F6D4C916B493AC002AE977 /* LTTableViewController.h */,
				20F6D4CA16B493AC002AE977 /* LTTableViewController.m */,
				20F6D4D316B4AA7C002AE977 /* LTColorPickerViewController.h */,
				20F6D4D416B4AA7C002AE977 /* LTColorPickerViewController.m */,
				20F6D4D816B4C875002AE977 /* LTScheduleCell.h */,
				20F6D4D916B4C875002AE977 /* LTScheduleCell.m */,
				203E847D16C5DF120086C015 /* LTScrollView.h */,
				203E847E16C5DF120086C015 /* LTScrollView.m */,
				20BB87C516D1DA5B00BF869C /* LTX10ApplianceView.h */,
				20BB87C616D1DA5B00BF869C /* LTX10ApplianceView.m */,
				200C76D616D08E58004693F1 /* LTX10LampView.h */,
				200C76D716D08E58004693F1 /* LTX10LampView.m */,
				200C76CC16D03F1D004693F1 /* LTHomeViewController.xib */,
				20D9E01416A8974200393078 /* LTColorViewController.xib */,
				20D9E01716A8974200393078 /* LTScheduleViewController.xib */,
				207ABCD316BB637E003F9602 /* LTSettingsViewController.xib */,
				2017767316DB0B0000AE795E /* LTPresetDetailViewController.xib */,
				2044E78F16B3A614001C92F7 /* LTAddViewController.xib */,
				2017766E16DB03E800AE795E /* LTPresetAddViewController.xib */,
				20F6D4DB16B4C896002AE977 /* LTScheduleCell.xib */,
				200C76D916D08E6E004693F1 /* LTX10LampView.xib */,
				20BB87C316D1DA3900BF869C /* LTX10ApplianceView.xib */,
				20D9E01F16A8983000393078 /* Images */,
				20D9DFF516A8974200393078 /* Supporting Files */,
			);
			path = Lights;
			sourceTree = "<group>";
		};
		20D9DFF516A8974200393078 /* Supporting Files */ = {
			isa = PBXGroup;
			children = (
				209791BF175AB5AB002CD2F4 /* Icon.png */,
				209791C0175AB5AB002CD2F4 /* Icon@2x.png */,
				20D9DFF616A8974200393078 /* Lights-Info.plist */,
				20D9DFF716A8974200393078 /* InfoPlist.strings */,
				20D9DFFA16A8974200393078 /* main.m */,
				20D9DFFC16A8974200393078 /* Lights-Prefix.pch */,
				20D9E00016A8974200393078 /* Default.png */,
				20D9E00216A8974200393078 /* Default@2x.png */,
				20D9E00416A8974200393078 /* Default-568h@2x.png */,
			);
			name = "Supporting Files";
			sourceTree = "<group>";
		};
		20D9E01F16A8983000393078 /* Images */ = {
			isa = PBXGroup;
			children = (
				200C76CF16D03F85004693F1 /* house.png */,
				200C76D016D03F85004693F1 /* house@2x.png */,
				200C76C616D03ECC004693F1 /* flower.png */,
				200C76C716D03ECC004693F1 /* flower@2x.png */,
				203E847216C5D3870086C015 /* turtle.png */,
				203E847316C5D3870086C015 /* turtle@2x.png */,
				203E847416C5D3870086C015 /* rabbit.png */,
				203E847516C5D3870086C015 /* rabbit@2x.png */,
				203E846E16C5CE0C0086C015 /* dark.png */,
				203E846F16C5CE0C0086C015 /* dark@2x.png */,
				207ABCD616BB63B6003F9602 /* gear.png */,
				207ABCD716BB63B6003F9602 /* gear@2x.png */,
				20D9E02416A8988400393078 /* now.png */,
				20D9E02516A8988400393078 /* now@2x.png */,
				20D9E02016A8983A00393078 /* schedule.png */,
				20D9E02116A8983A00393078 /* schedule@2x.png */,
			);
			name = Images;
			sourceTree = "<group>";
		};
		20D9E03316A89E3000393078 /* ColorPicker */ = {
			isa = PBXGroup;
			children = (
				20D9E03416A89E3000393078 /* checkerboard.png */,
				20D9E03516A89E3000393078 /* checkerboard@2x.png */,
				20D9E03616A89E3000393078 /* colorPickerKnob.png */,
				20D9E03716A89E3000393078 /* colorPickerKnob@2x.png */,
				20D9E03816A89E3000393078 /* HSV.c */,
				20D9E03916A89E3000393078 /* HSV.h */,
				20D9E03A16A89E3000393078 /* KZColorCompareView.h */,
				20D9E03B16A89E3000393078 /* KZColorCompareView.m */,
				20D9E03C16A89E3000393078 /* KZColorPicker.h */,
				20D9E03D16A89E3000393078 /* KZColorPicker.m */,
				20D9E03E16A89E3000393078 /* KZColorPickerAlphaSlider.h */,
				20D9E03F16A89E3000393078 /* KZColorPickerAlphaSlider.m */,
				20D9E04016A89E3000393078 /* KZColorPickerBrightnessSlider.h */,
				20D9E04116A89E3000393078 /* KZColorPickerBrightnessSlider.m */,
				20D9E04216A89E3000393078 /* KZColorPickerHSWheel.h */,
				20D9E04316A89E3000393078 /* KZColorPickerHSWheel.m */,
				20D9E04416A89E3000393078 /* KZColorPickerSwatchView.h */,
				20D9E04516A89E3000393078 /* KZColorPickerSwatchView.m */,
				20D9E04616A89E3000393078 /* KZUnitSlider.h */,
				20D9E04716A89E3000393078 /* KZUnitSlider.m */,
				20D9E04816A89E3000393078 /* pickerColorWheel.png */,
				20D9E04916A89E3000393078 /* pickerColorWheel@2x.png */,
				20D9E04A16A89E3000393078 /* UIColor-Expanded.h */,
				20D9E04B16A89E3000393078 /* UIColor-Expanded.m */,
			);
			path = ColorPicker;
			sourceTree = "<group>";
		};
/* End PBXGroup section */

/* Begin PBXNativeTarget section */
		208CE26316F121CB00F32706 /* Simple Lights */ = {
			isa = PBXNativeTarget;
			buildConfigurationList = 208CE27C16F121CB00F32706 /* Build configuration list for PBXNativeTarget "Simple Lights" */;
			buildPhases = (
				208CE26016F121CB00F32706 /* Sources */,
				208CE26116F121CB00F32706 /* Frameworks */,
				208CE26216F121CB00F32706 /* Resources */,
			);
			buildRules = (
			);
			dependencies = (
			);
			name = "Simple Lights";
			productName = "Simple Lights";
			productReference = 208CE26416F121CB00F32706 /* Simple Lights.app */;
			productType = "com.apple.product-type.application";
		};
		20D9DFE916A8974200393078 /* Lights */ = {
			isa = PBXNativeTarget;
			buildConfigurationList = 20D9E01C16A8974200393078 /* Build configuration list for PBXNativeTarget "Lights" */;
			buildPhases = (
				20D9DFE616A8974200393078 /* Sources */,
				20D9DFE716A8974200393078 /* Frameworks */,
				20D9DFE816A8974200393078 /* Resources */,
			);
			buildRules = (
			);
			dependencies = (
			);
			name = Lights;
			productName = Lights;
			productReference = 20D9DFEA16A8974200393078 /* Lights.app */;
			productType = "com.apple.product-type.application";
		};
/* End PBXNativeTarget section */

/* Begin PBXProject section */
		20D9DFE116A8974200393078 /* Project object */ = {
			isa = PBXProject;
			attributes = {
				CLASSPREFIX = LT;
				LastUpgradeCheck = 0450;
				ORGANIZATIONNAME = "Evan Coleman";
			};
			buildConfigurationList = 20D9DFE416A8974200393078 /* Build configuration list for PBXProject "Lights" */;
			compatibilityVersion = "Xcode 3.2";
			developmentRegion = English;
			hasScannedForEncodings = 0;
			knownRegions = (
				en,
			);
			mainGroup = 20D9DFDF16A8974200393078;
			productRefGroup = 20D9DFEB16A8974200393078 /* Products */;
			projectDirPath = "";
			projectRoot = "";
			targets = (
				20D9DFE916A8974200393078 /* Lights */,
				208CE26316F121CB00F32706 /* Simple Lights */,
			);
		};
/* End PBXProject section */

/* Begin PBXResourcesBuildPhase section */
		208CE26216F121CB00F32706 /* Resources */ = {
			isa = PBXResourcesBuildPhase;
			buildActionMask = 2147483647;
			files = (
				208CE29916F123AE00F32706 /* LTHomeViewController.xib in Resources */,
				208CE29A16F123AE00F32706 /* LTSettingsViewController.xib in Resources */,
				208CE29B16F123AE00F32706 /* LTPresetDetailViewController.xib in Resources */,
				208CE29C16F123AE00F32706 /* LTPresetAddViewController.xib in Resources */,
				208CE29D16F123AE00F32706 /* LTX10LampView.xib in Resources */,
				208CE29E16F123AE00F32706 /* LTX10ApplianceView.xib in Resources */,
				208CE29116F122C200F32706 /* house.png in Resources */,
				208CE29216F122C200F32706 /* house@2x.png in Resources */,
				208CE29316F122C200F32706 /* gear.png in Resources */,
				208CE29416F122C200F32706 /* gear@2x.png in Resources */,
				208CE26D16F121CB00F32706 /* InfoPlist.strings in Resources */,
				208CE27516F121CB00F32706 /* Default.png in Resources */,
				208CE27716F121CB00F32706 /* Default@2x.png in Resources */,
				208CE27916F121CB00F32706 /* Default-568h@2x.png in Resources */,
				209791C5175AB5F3002CD2F4 /* Icon.png in Resources */,
				209791C6175AB5F3002CD2F4 /* Icon@2x.png in Resources */,
			);
			runOnlyForDeploymentPostprocessing = 0;
		};
		20D9DFE816A8974200393078 /* Resources */ = {
			isa = PBXResourcesBuildPhase;
			buildActionMask = 2147483647;
			files = (
				20D9DFF916A8974200393078 /* InfoPlist.strings in Resources */,
				20D9E00116A8974200393078 /* Default.png in Resources */,
				20D9E00316A8974200393078 /* Default@2x.png in Resources */,
				20D9E00516A8974200393078 /* Default-568h@2x.png in Resources */,
				20D9E01616A8974200393078 /* LTColorViewController.xib in Resources */,
				20D9E01916A8974200393078 /* LTScheduleViewController.xib in Resources */,
				20D9E02216A8983A00393078 /* schedule.png in Resources */,
				20D9E02316A8983A00393078 /* schedule@2x.png in Resources */,
				20D9E02616A8988400393078 /* now.png in Resources */,
				20D9E02716A8988400393078 /* now@2x.png in Resources */,
				20D9E04C16A89E3000393078 /* checkerboard.png in Resources */,
				20D9E04D16A89E3000393078 /* checkerboard@2x.png in Resources */,
				20D9E04E16A89E3000393078 /* colorPickerKnob.png in Resources */,
				20D9E04F16A89E3000393078 /* colorPickerKnob@2x.png in Resources */,
				20D9E05816A89E3000393078 /* pickerColorWheel.png in Resources */,
				20D9E05916A89E3000393078 /* pickerColorWheel@2x.png in Resources */,
				2044E79116B3A614001C92F7 /* LTAddViewController.xib in Resources */,
				20F6D4DC16B4C896002AE977 /* LTScheduleCell.xib in Resources */,
				207ABCD516BB637E003F9602 /* LTSettingsViewController.xib in Resources */,
				207ABCD816BB63B6003F9602 /* gear.png in Resources */,
				207ABCD916BB63B6003F9602 /* gear@2x.png in Resources */,
				203E847016C5CE0C0086C015 /* dark.png in Resources */,
				203E847116C5CE0C0086C015 /* dark@2x.png in Resources */,
				203E847616C5D3870086C015 /* turtle.png in Resources */,
				203E847716C5D3870086C015 /* turtle@2x.png in Resources */,
				203E847816C5D3870086C015 /* rabbit.png in Resources */,
				203E847916C5D3870086C015 /* rabbit@2x.png in Resources */,
				200C76C816D03ECC004693F1 /* flower.png in Resources */,
				200C76C916D03ECC004693F1 /* flower@2x.png in Resources */,
				200C76CE16D03F1D004693F1 /* LTHomeViewController.xib in Resources */,
				200C76D116D03F85004693F1 /* house.png in Resources */,
				200C76D216D03F85004693F1 /* house@2x.png in Resources */,
				200C76DA16D08E6E004693F1 /* LTX10LampView.xib in Resources */,
				20BB87C416D1DA3900BF869C /* LTX10ApplianceView.xib in Resources */,
				2017767016DB03E800AE795E /* LTPresetAddViewController.xib in Resources */,
				2017767516DB0B0000AE795E /* LTPresetDetailViewController.xib in Resources */,
				209791C1175AB5AB002CD2F4 /* Icon.png in Resources */,
				209791C2175AB5AB002CD2F4 /* Icon@2x.png in Resources */,
			);
			runOnlyForDeploymentPostprocessing = 0;
		};
/* End PBXResourcesBuildPhase section */

/* Begin PBXSourcesBuildPhase section */
		208CE26016F121CB00F32706 /* Sources */ = {
			isa = PBXSourcesBuildPhase;
			buildActionMask = 2147483647;
			files = (
				208CE29616F1231D00F32706 /* LTPresetDetailViewController.m in Sources */,
				208CE29716F1231D00F32706 /* LTPresetAddViewController.m in Sources */,
				208CE29516F122C800F32706 /* RNBlurModalView.m in Sources */,
				208CE28A16F122AC00F32706 /* LTNetworkController.m in Sources */,
				208CE28B16F122AC00F32706 /* LTHomeViewController.m in Sources */,
				208CE28C16F122AC00F32706 /* LTSettingsViewController.m in Sources */,
				208CE28F16F122AC00F32706 /* LTX10ApplianceView.m in Sources */,
				208CE29016F122AC00F32706 /* LTX10LampView.m in Sources */,
				208CE28216F1226D00F32706 /* HashValue.m in Sources */,
				208CE28316F1226D00F32706 /* base64.c in Sources */,
				208CE28616F1226D00F32706 /* NSData+SRB64Additions.m in Sources */,
				208CE28916F1226D00F32706 /* SRWebSocket.m in Sources */,
				208CE26F16F121CB00F32706 /* main.m in Sources */,
				208CE27316F121CB00F32706 /* SLAppDelegate.m in Sources */,
			);
			runOnlyForDeploymentPostprocessing = 0;
		};
		20D9DFE616A8974200393078 /* Sources */ = {
			isa = PBXSourcesBuildPhase;
			buildActionMask = 2147483647;
			files = (
				20D9DFFB16A8974200393078 /* main.m in Sources */,
				20D9DFFF16A8974200393078 /* LTAppDelegate.m in Sources */,
				20D9E00816A8974200393078 /* LTColorViewController.m in Sources */,
				20D9E00F16A8974200393078 /* LTScheduleViewController.m in Sources */,
				20D9E05016A89E3000393078 /* HSV.c in Sources */,
				20D9E05116A89E3000393078 /* KZColorCompareView.m in Sources */,
				20D9E05216A89E3000393078 /* KZColorPicker.m in Sources */,
				20D9E05316A89E3000393078 /* KZColorPickerAlphaSlider.m in Sources */,
				20D9E05416A89E3000393078 /* KZColorPickerBrightnessSlider.m in Sources */,
				20D9E05516A89E3000393078 /* KZColorPickerHSWheel.m in Sources */,
				20D9E05616A89E3000393078 /* KZColorPickerSwatchView.m in Sources */,
				20D9E05716A89E3000393078 /* KZUnitSlider.m in Sources */,
				20D9E05A16A89E3000393078 /* UIColor-Expanded.m in Sources */,
				20CA978116AF8EC20099F6F5 /* base64.c in Sources */,
				20CA978216AF8EC20099F6F5 /* NSData+SRB64Additions.m in Sources */,
				20CA978316AF8EC20099F6F5 /* SRWebSocket.m in Sources */,
				20CA979116AF9A3E0099F6F5 /* HashValue.m in Sources */,
				2044E78B16B39D4D001C92F7 /* LTNetworkController.m in Sources */,
				2044E79016B3A614001C92F7 /* LTAddViewController.m in Sources */,
				20F6D4CC16B493AC002AE977 /* LTTableViewController.m in Sources */,
				20F6D4D616B4AA7D002AE977 /* LTColorPickerViewController.m in Sources */,
				20F6D4DA16B4C875002AE977 /* LTScheduleCell.m in Sources */,
				20F6D4EF16B4D005002AE977 /* ShadowedTableView.m in Sources */,
				207ABCD416BB637E003F9602 /* LTSettingsViewController.m in Sources */,
				203E847F16C5DF120086C015 /* LTScrollView.m in Sources */,
				200C76CD16D03F1D004693F1 /* LTHomeViewController.m in Sources */,
				200C76D516D08C3C004693F1 /* RNBlurModalView.m in Sources */,
				200C76D816D08E58004693F1 /* LTX10LampView.m in Sources */,
				20BB87C716D1DA5B00BF869C /* LTX10ApplianceView.m in Sources */,
				2017766F16DB03E800AE795E /* LTPresetAddViewController.m in Sources */,
				2017767416DB0B0000AE795E /* LTPresetDetailViewController.m in Sources */,
			);
			runOnlyForDeploymentPostprocessing = 0;
		};
/* End PBXSourcesBuildPhase section */

/* Begin PBXVariantGroup section */
		208CE26B16F121CB00F32706 /* InfoPlist.strings */ = {
			isa = PBXVariantGroup;
			children = (
				208CE26C16F121CB00F32706 /* en */,
			);
			name = InfoPlist.strings;
			sourceTree = "<group>";
		};
		20D9DFF716A8974200393078 /* InfoPlist.strings */ = {
			isa = PBXVariantGroup;
			children = (
				20D9DFF816A8974200393078 /* en */,
			);
			name = InfoPlist.strings;
			sourceTree = "<group>";
		};
		20D9E01416A8974200393078 /* LTColorViewController.xib */ = {
			isa = PBXVariantGroup;
			children = (
				20D9E01516A8974200393078 /* en */,
			);
			name = LTColorViewController.xib;
			sourceTree = "<group>";
		};
		20D9E01716A8974200393078 /* LTScheduleViewController.xib */ = {
			isa = PBXVariantGroup;
			children = (
				20D9E01816A8974200393078 /* en */,
			);
			name = LTScheduleViewController.xib;
			sourceTree = "<group>";
		};
/* End PBXVariantGroup section */

/* Begin XCBuildConfiguration section */
		208CE27A16F121CB00F32706 /* Debug */ = {
			isa = XCBuildConfiguration;
			buildSettings = {
				CLANG_WARN_CONSTANT_CONVERSION = YES;
				CLANG_WARN_ENUM_CONVERSION = YES;
				CLANG_WARN_INT_CONVERSION = YES;
				GCC_PRECOMPILE_PREFIX_HEADER = YES;
				GCC_PREFIX_HEADER = "Simple Lights/Simple Lights-Prefix.pch";
				GCC_PREPROCESSOR_DEFINITIONS = "SIMPLE=1";
				INFOPLIST_FILE = "Simple Lights/Simple Lights-Info.plist";
				IPHONEOS_DEPLOYMENT_TARGET = 6.1;
				ONLY_ACTIVE_ARCH = YES;
				PRODUCT_NAME = "$(TARGET_NAME)";
				WRAPPER_EXTENSION = app;
			};
			name = Debug;
		};
		208CE27B16F121CB00F32706 /* Release */ = {
			isa = XCBuildConfiguration;
			buildSettings = {
				CLANG_WARN_CONSTANT_CONVERSION = YES;
				CLANG_WARN_ENUM_CONVERSION = YES;
				CLANG_WARN_INT_CONVERSION = YES;
				CODE_SIGN_IDENTITY = "iPhone Distribution: Evan Coleman";
				GCC_PRECOMPILE_PREFIX_HEADER = YES;
				GCC_PREFIX_HEADER = "Simple Lights/Simple Lights-Prefix.pch";
				GCC_PREPROCESSOR_DEFINITIONS = "SIMPLE=1";
				INFOPLIST_FILE = "Simple Lights/Simple Lights-Info.plist";
				IPHONEOS_DEPLOYMENT_TARGET = 6.1;
				PRODUCT_NAME = "$(TARGET_NAME)";
				PROVISIONING_PROFILE = "3409AFDD-5273-4DFC-8049-73DB52A7FFEE";
				WRAPPER_EXTENSION = app;
			};
			name = Release;
		};
		20D9E01A16A8974200393078 /* Debug */ = {
			isa = XCBuildConfiguration;
			buildSettings = {
				ALWAYS_SEARCH_USER_PATHS = NO;
				CLANG_CXX_LANGUAGE_STANDARD = "gnu++0x";
				CLANG_CXX_LIBRARY = "libc++";
				CLANG_ENABLE_OBJC_ARC = YES;
				CLANG_WARN_EMPTY_BODY = YES;
				CLANG_WARN__DUPLICATE_METHOD_MATCH = YES;
				"CODE_SIGN_IDENTITY[sdk=iphoneos*]" = "iPhone Developer";
				COPY_PHASE_STRIP = NO;
				GCC_C_LANGUAGE_STANDARD = gnu99;
				GCC_DYNAMIC_NO_PIC = NO;
				GCC_OPTIMIZATION_LEVEL = 0;
				GCC_PREPROCESSOR_DEFINITIONS = (
					"DEBUG=1",
					"$(inherited)",
				);
				GCC_SYMBOLS_PRIVATE_EXTERN = NO;
				GCC_WARN_ABOUT_RETURN_TYPE = YES;
				GCC_WARN_UNINITIALIZED_AUTOS = YES;
				GCC_WARN_UNUSED_VARIABLE = YES;
				IPHONEOS_DEPLOYMENT_TARGET = 6.0;
				SDKROOT = iphoneos;
			};
			name = Debug;
		};
		20D9E01B16A8974200393078 /* Release */ = {
			isa = XCBuildConfiguration;
			buildSettings = {
				ALWAYS_SEARCH_USER_PATHS = NO;
				CLANG_CXX_LANGUAGE_STANDARD = "gnu++0x";
				CLANG_CXX_LIBRARY = "libc++";
				CLANG_ENABLE_OBJC_ARC = YES;
				CLANG_WARN_EMPTY_BODY = YES;
				CLANG_WARN__DUPLICATE_METHOD_MATCH = YES;
				"CODE_SIGN_IDENTITY[sdk=iphoneos*]" = "iPhone Developer";
				COPY_PHASE_STRIP = YES;
				GCC_C_LANGUAGE_STANDARD = gnu99;
				GCC_WARN_ABOUT_RETURN_TYPE = YES;
				GCC_WARN_UNINITIALIZED_AUTOS = YES;
				GCC_WARN_UNUSED_VARIABLE = YES;
				IPHONEOS_DEPLOYMENT_TARGET = 6.0;
				OTHER_CFLAGS = "-DNS_BLOCK_ASSERTIONS=1";
				SDKROOT = iphoneos;
				VALIDATE_PRODUCT = YES;
			};
			name = Release;
		};
		20D9E01D16A8974200393078 /* Debug */ = {
			isa = XCBuildConfiguration;
			buildSettings = {
				GCC_PRECOMPILE_PREFIX_HEADER = YES;
				GCC_PREFIX_HEADER = "Lights/Lights-Prefix.pch";
				INFOPLIST_FILE = "Lights/Lights-Info.plist";
				IPHONEOS_DEPLOYMENT_TARGET = 6.0;
				PRODUCT_NAME = "$(TARGET_NAME)";
				WRAPPER_EXTENSION = app;
			};
			name = Debug;
		};
		20D9E01E16A8974200393078 /* Release */ = {
			isa = XCBuildConfiguration;
			buildSettings = {
				CODE_SIGN_IDENTITY = "iPhone Distribution";
				GCC_PRECOMPILE_PREFIX_HEADER = YES;
				GCC_PREFIX_HEADER = "Lights/Lights-Prefix.pch";
				INFOPLIST_FILE = "Lights/Lights-Info.plist";
				IPHONEOS_DEPLOYMENT_TARGET = 6.0;
				PRODUCT_NAME = "$(TARGET_NAME)";
				PROVISIONING_PROFILE = "";
				WRAPPER_EXTENSION = app;
			};
			name = Release;
		};
/* End XCBuildConfiguration section */

/* Begin XCConfigurationList section */
		208CE27C16F121CB00F32706 /* Build configuration list for PBXNativeTarget "Simple Lights" */ = {
			isa = XCConfigurationList;
			buildConfigurations = (
				208CE27A16F121CB00F32706 /* Debug */,
				208CE27B16F121CB00F32706 /* Release */,
			);
			defaultConfigurationIsVisible = 0;
			defaultConfigurationName = Release;
		};
		20D9DFE416A8974200393078 /* Build configuration list for PBXProject "Lights" */ = {
			isa = XCConfigurationList;
			buildConfigurations = (
				20D9E01A16A8974200393078 /* Debug */,
				20D9E01B16A8974200393078 /* Release */,
			);
			defaultConfigurationIsVisible = 0;
			defaultConfigurationName = Release;
		};
		20D9E01C16A8974200393078 /* Build configuration list for PBXNativeTarget "Lights" */ = {
			isa = XCConfigurationList;
			buildConfigurations = (
				20D9E01D16A8974200393078 /* Debug */,
				20D9E01E16A8974200393078 /* Release */,
			);
			defaultConfigurationIsVisible = 0;
			defaultConfigurationName = Release;
		};
/* End XCConfigurationList section */
	};
	rootObject = 20D9DFE116A8974200393078 /* Project object */;
}
